
Microsoft Visual Studio Solution File, Format Version 12.00
# Visual Studio 15
VisualStudioVersion = 15.0.27703.2042
MinimumVisualStudioVersion = 10.0.40219.1
Project("{FAE04EC0-301F-11D3-BF4B-00C04F79EFBC}") = "BTController", "BTController\BTController.csproj", "{C98D8FD3-7904-4A0B-9B41-2CFB4B51D32C}"
EndProject
Global
	GlobalSection(SolutionConfigurationPlatforms) = preSolution
		Debug|Any CPU = Debug|Any CPU
		Release|Any CPU = Release|Any CPU
	EndGlobalSection
	GlobalSection(ProjectConfigurationPlatforms) = postSolution
		{C98D8FD3-7904-4A0B-9B41-2CFB4B51D32C}.Debug|Any CPU.ActiveCfg = Debug|Any CPU
		{C98D8FD3-7904-4A0B-9B41-2CFB4B51D32C}.Debug|Any CPU.Build.0 = Debug|Any CPU
		{C98D8FD3-7904-4A0B-9B41-2CFB4B51D32C}.Release|Any CPU.ActiveCfg = Release|Any CPU
		{C98D8FD3-7904-4A0B-9B41-2CFB4B51D32C}.Release|Any CPU.Build.0 = Release|Any CPU
	EndGlobalSection
	GlobalSection(SolutionProperties) = preSolution
		HideSolutionNode = FALSE
	EndGlobalSection
	GlobalSection(ExtensibilityGlobals) = postSolution
		SolutionGuid = {C241F581-4D60-4498-9967-9E5C4B6DAB35}
	EndGlobalSection
EndGlobal
